# Generated by conda-lock.
# platform: osx-arm64
# input_hash: 6de9f6d34a387a720083634be0adf5a617081311e944646aa3874a1ff60ebe23
@EXPLICIT
https://conda.anaconda.org/conda-forge/osx-arm64/dart-sass-1.59.1-hce30654_0.conda#217f2882952b396525f65c213785ba3b
https://conda.anaconda.org/conda-forge/osx-arm64/deno-1.46.3-hce30654_0.conda#d6f7f532d1897c514586996b0bcbcf91
https://conda.anaconda.org/conda-forge/osx-arm64/esbuild-0.27.0-h820172f_0.conda#351da6d482106b266e5ea6faa806b0df
https://conda.anaconda.org/conda-forge/osx-arm64/pandoc-3.4-hce30654_0.conda#01d8cd88a2b489220b58627a525c878b
https://conda.anaconda.org/conda-forge/noarch/python_abi-3.11-8_cp311.conda#8fcb6b0e2161850556231336dae58358
https://conda.anaconda.org/conda-forge/osx-arm64/typst-0.11.0-ha5936a3_0.conda#955b5a7e393fc686b1d96db926955f34
https://conda.anaconda.org/conda-forge/noarch/tzdata-2025b-h78e105d_0.conda#4222072737ccff51314b5ece9c7d6f5a
https://conda.anaconda.org/conda-forge/osx-arm64/bzip2-1.0.8-hd037594_8.conda#58fd217444c2a5701a44244faf518206
https://conda.anaconda.org/conda-forge/noarch/ca-certificates-2025.11.12-hbd8a1cb_0.conda#f0991f0f84902f6b6009b4d2350a83aa
https://conda.anaconda.org/conda-forge/osx-arm64/deno-dom-0.1.41-hde76f7a_0.conda#02bff7fa3d076f6351ef027cd682c6e4
https://conda.anaconda.org/conda-forge/osx-arm64/libbrotlicommon-1.2.0-hc919400_1.conda#006e7ddd8a110771134fcc4e1e3a6ffa
https://conda.anaconda.org/conda-forge/osx-arm64/libcxx-21.1.7-hf598326_0.conda#0de94f39727c31c0447e408c5a210a56
https://conda.anaconda.org/conda-forge/osx-arm64/libdeflate-1.25-hc11a715_0.conda#a6130c709305cd9828b4e1bd9ba0000c
https://conda.anaconda.org/conda-forge/osx-arm64/libexpat-2.7.3-haf25636_0.conda#b79875dbb5b1db9a4a22a4520f918e1a
https://conda.anaconda.org/conda-forge/osx-arm64/libffi-3.5.2-he5f378a_0.conda#411ff7cd5d1472bba0f55c0faf04453b
https://conda.anaconda.org/conda-forge/osx-arm64/libjpeg-turbo-3.1.2-hc919400_0.conda#f0695fbecf1006f27f4395d64bd0c4b8
https://conda.anaconda.org/conda-forge/osx-arm64/liblzma-5.8.1-h39f12f2_2.conda#d6df911d4564d77c4374b02552cb17d1
https://conda.anaconda.org/conda-forge/osx-arm64/libsodium-1.0.20-h99b78c6_0.conda#a7ce36e284c5faaf93c220dfc39e3abd
https://conda.anaconda.org/conda-forge/osx-arm64/libwebp-base-1.6.0-h07db88b_0.conda#e5e7d467f80da752be17796b87fe6385
https://conda.anaconda.org/conda-forge/osx-arm64/libzlib-1.3.1-h8359307_2.conda#369964e85dc26bfe78f41399b366c435
https://conda.anaconda.org/conda-forge/osx-arm64/llvm-openmp-21.1.6-h4a912ad_0.conda#4a274d80967416bce3c7d89bf43923ec
https://conda.anaconda.org/conda-forge/osx-arm64/ncurses-6.5-h5e97a16_3.conda#068d497125e4bf8a66bf707254fff5ae
https://conda.anaconda.org/conda-forge/osx-arm64/pthread-stubs-0.4-hd74edd7_1002.conda#415816daf82e0b23a736a069a75e9da7
https://conda.anaconda.org/conda-forge/osx-arm64/xorg-libxau-1.0.12-hc919400_1.conda#78b548eed8227a689f93775d5d23ae09
https://conda.anaconda.org/conda-forge/osx-arm64/xorg-libxdmcp-1.1.5-hc919400_1.conda#9d1299ace1924aa8f4e0bc8e71dd0cf7
https://conda.anaconda.org/conda-forge/osx-arm64/yaml-0.2.5-h925e9cb_3.conda#78a0fe9e9c50d2c381e8ee47e3ea437d
https://conda.anaconda.org/conda-forge/osx-arm64/_openmp_mutex-4.5-7_kmp_llvm.conda#a44032f282e7d2acdeb1c240308052dd
https://conda.anaconda.org/conda-forge/osx-arm64/lerc-4.0.0-hd64df32_1.conda#a74332d9b60b62905e3d30709df08bf1
https://conda.anaconda.org/conda-forge/osx-arm64/libbrotlidec-1.2.0-hc919400_1.conda#079e88933963f3f149054eec2c487bc2
https://conda.anaconda.org/conda-forge/osx-arm64/libbrotlienc-1.2.0-hc919400_1.conda#b2b7c8288ca1a2d71ff97a8e6a1e8883
https://conda.anaconda.org/conda-forge/osx-arm64/libedit-3.1.20250104-pl5321hafb1f1b_0.conda#44083d2d2c2025afca315c7a172eab2b
https://conda.anaconda.org/conda-forge/osx-arm64/liblzma-devel-5.8.1-h39f12f2_2.conda#1201137f1a5ec9556032ffc04dcdde8d
https://conda.anaconda.org/conda-forge/osx-arm64/libpng-1.6.51-hfab5511_0.conda#06efb9eace7676738ced2f9661c59fb8
https://conda.anaconda.org/conda-forge/osx-arm64/libsqlite-3.51.1-h9a5124b_0.conda#67e50e5bd4e5e2310d66b88c4da50096
https://conda.anaconda.org/conda-forge/osx-arm64/libxcb-1.17.0-hdb1d25a_0.conda#af523aae2eca6dfa1c8eec693f5b9a79
https://conda.anaconda.org/conda-forge/osx-arm64/openssl-3.6.0-h5503f6c_0.conda#b34dc4172653c13dcf453862f251af2b
https://conda.anaconda.org/conda-forge/osx-arm64/qhull-2020.2-h420ef59_5.conda#6483b1f59526e05d7d894e466b5b6924
https://conda.anaconda.org/conda-forge/osx-arm64/quarto-1.6.40-hce30654_0.conda#123bc49d7ac9e22525a3a04aec16074a
https://conda.anaconda.org/conda-forge/osx-arm64/readline-8.2-h1d1bf99_2.conda#63ef3f6e6d6d5c589e64f11263dc5676
https://conda.anaconda.org/conda-forge/osx-arm64/tk-8.6.13-h892fb3f_3.conda#a73d54a5abba6543cb2f0af1bfbd6851
https://conda.anaconda.org/conda-forge/osx-arm64/xz-gpl-tools-5.8.1-h9a6d368_2.conda#09b1442c1d49ac7c5f758c44695e77d1
https://conda.anaconda.org/conda-forge/osx-arm64/xz-tools-5.8.1-h39f12f2_2.conda#37996935aa33138fca43e4b4563b6a28
https://conda.anaconda.org/conda-forge/osx-arm64/zlib-ng-2.3.1-h248ca61_1.conda#c3d901b65ede942ab5b4f6efead0560a
https://conda.anaconda.org/conda-forge/osx-arm64/zstd-1.5.7-hd0aec43_5.conda#6adec79779c11d1e938196c6eaf95921
https://conda.anaconda.org/conda-forge/osx-arm64/brotli-bin-1.2.0-hc919400_1.conda#377d015c103ad7f3371be1777f8b584c
https://conda.anaconda.org/conda-forge/osx-arm64/krb5-1.21.3-h237132a_0.conda#c6dc8a0fdec13a0565936655c33069a1
https://conda.anaconda.org/conda-forge/osx-arm64/libfreetype6-2.14.1-h6da58f4_0.conda#6d4ede03e2a8e20eb51f7f681d2a2550
https://conda.anaconda.org/conda-forge/osx-arm64/libgcc-15.2.0-hcbb3090_14.conda#1b3fb17dd26afdafe0bf30fafcb900a2
https://conda.anaconda.org/conda-forge/osx-arm64/libtiff-4.7.1-h4030677_1.conda#e2a72ab2fa54ecb6abab2b26cde93500
https://conda.anaconda.org/conda-forge/osx-arm64/xz-5.8.1-h9a6d368_2.conda#39435c82e5a007ef64cbb153ecc40cfd
https://conda.anaconda.org/conda-forge/osx-arm64/brotli-1.2.0-h7d5ae5b_1.conda#48ece20aa479be6ac9a284772827d00c
https://conda.anaconda.org/conda-forge/osx-arm64/lcms2-2.17-h7eeda09_0.conda#92a61fd30b19ebd5c1621a5bfe6d8b5f
https://conda.anaconda.org/conda-forge/osx-arm64/libfreetype-2.14.1-hce30654_0.conda#f35fb38e89e2776994131fbf961fa44b
https://conda.anaconda.org/conda-forge/osx-arm64/libgfortran5-15.2.0-hdae7583_14.conda#4fa9de90ec33234997aed5871d20f14e
https://conda.anaconda.org/conda-forge/osx-arm64/openjpeg-2.5.4-hbfb3c88_0.conda#6bf3d24692c157a41c01ce0bd17daeea
https://conda.anaconda.org/conda-forge/osx-arm64/python-3.11.10-hc51fdd5_3_cpython.conda#2a47a0061d7d3030e45b66d23f01d101
https://conda.anaconda.org/conda-forge/osx-arm64/zeromq-4.3.5-h888dc83_9.conda#26f39dfe38a2a65437c29d69906a0f68
https://conda.anaconda.org/conda-forge/noarch/appnope-0.1.4-pyhd8ed1ab_1.conda#54898d0f524c9dee622d44bbb081a8ab
https://conda.anaconda.org/conda-forge/noarch/asttokens-3.0.1-pyhd8ed1ab_0.conda#9673a61a297b00016442e022d689faa6
https://conda.anaconda.org/conda-forge/noarch/attrs-25.4.0-pyh71513ae_0.conda#c7944d55af26b6d2d7629e27e9a972c1
https://conda.anaconda.org/conda-forge/osx-arm64/brotli-python-1.2.0-py311hdc60ec4_1.conda#150cbf381febcf0a5e470a8d066e1bc0
https://conda.anaconda.org/conda-forge/noarch/cached_property-1.5.2-pyha770c72_1.tar.bz2#576d629e47797577ab0f1b351297ef4a
https://conda.anaconda.org/conda-forge/noarch/certifi-2025.11.12-pyhd8ed1ab_0.conda#96a02a5c1a65470a7e4eedb644c872fd
https://conda.anaconda.org/conda-forge/noarch/charset-normalizer-3.4.4-pyhd8ed1ab_0.conda#a22d1fd9bf98827e280a02875d9a007a
https://conda.anaconda.org/conda-forge/noarch/click-8.1.7-unix_pyh707e725_1.conda#cb8e52f28f5e592598190c562e7b5bf1
https://conda.anaconda.org/conda-forge/noarch/colorama-0.4.6-pyhd8ed1ab_1.conda#962b9857ee8e7018c22f2776ffa0b2d7
https://conda.anaconda.org/conda-forge/noarch/comm-0.2.3-pyhe01879c_0.conda#2da13f2b299d8e1995bafbbe9689a2f7
https://conda.anaconda.org/conda-forge/noarch/cycler-0.12.1-pyhcf101f3_2.conda#4c2a8fef270f6c69591889b93f9f55c1
https://conda.anaconda.org/conda-forge/osx-arm64/debugpy-1.8.17-py311hc58e375_0.conda#0552b12026620a95945c3398ac847c83
https://conda.anaconda.org/conda-forge/noarch/decorator-5.2.1-pyhd8ed1ab_0.conda#9ce473d1d1be1cc3810856a48b3fab32
https://conda.anaconda.org/conda-forge/noarch/defusedxml-0.7.1-pyhd8ed1ab_0.tar.bz2#961b3a227b437d82ad7054484cfa71b2
https://conda.anaconda.org/conda-forge/noarch/executing-2.2.1-pyhd8ed1ab_0.conda#ff9efb7f7469aed3c4a8106ffa29593c
https://conda.anaconda.org/conda-forge/osx-arm64/freetype-2.14.1-hce30654_0.conda#1ec9a1ee7a2c9339774ad9bb6fe6caec
https://conda.anaconda.org/conda-forge/noarch/hpack-4.1.0-pyhd8ed1ab_0.conda#0a802cb9888dd14eeefc611f05c40b6e
https://conda.anaconda.org/conda-forge/noarch/hyperframe-6.1.0-pyhd8ed1ab_0.conda#8e6923fc12f1fe8f8c4e5c9f343256ac
https://conda.anaconda.org/conda-forge/noarch/idna-3.11-pyhd8ed1ab_0.conda#53abe63df7e10a6ba605dc5f9f961d36
https://conda.anaconda.org/conda-forge/noarch/json5-0.12.1-pyhd8ed1ab_0.conda#0fc93f473c31a2f85c0bde213e7c63ca
https://conda.anaconda.org/conda-forge/osx-arm64/jsonpointer-3.0.0-py311h267d04e_2.conda#0edc5f25c32d86d5b4327e0f4de539f9
https://conda.anaconda.org/conda-forge/osx-arm64/kiwisolver-1.4.9-py311h26d6576_2.conda#37b7d697e320b860ef2d8419714dc6d4
https://conda.anaconda.org/conda-forge/noarch/lark-1.3.1-pyhd8ed1ab_0.conda#9b965c999135d43a3d0f7bd7d024e26a
https://conda.anaconda.org/conda-forge/osx-arm64/libgfortran-15.2.0-h07b0088_14.conda#3187356c87594c3ebc3b8c0bd72a7e9f
https://conda.anaconda.org/conda-forge/osx-arm64/markupsafe-3.0.3-py311ha9b3269_0.conda#df124303925c7ad5d7eb15179d38c4e3
https://conda.anaconda.org/conda-forge/noarch/munkres-1.1.4-pyhd8ed1ab_1.conda#37293a85a0f4f77bbd9cf7aaefc62609
https://conda.anaconda.org/conda-forge/noarch/mypy_extensions-1.1.0-pyha770c72_0.conda#e9c622e0d00fa24a6292279af3ab6d06
https://conda.anaconda.org/conda-forge/noarch/narwhals-2.13.0-pyhcf101f3_0.conda#0129bb97a81c2ca0f57031673424387a
https://conda.anaconda.org/conda-forge/noarch/nest-asyncio-1.6.0-pyhd8ed1ab_1.conda#598fd7d4d0de2455fb74f56063969a97
https://conda.anaconda.org/conda-forge/noarch/packaging-25.0-pyh29332c3_1.conda#58335b26c38bf4a20f399384c33cbcf9
https://conda.anaconda.org/conda-forge/noarch/pandocfilters-1.5.0-pyhd8ed1ab_0.tar.bz2#457c2c8c08e54905d6954e79cb5b5db9
https://conda.anaconda.org/conda-forge/noarch/parso-0.8.5-pyhcf101f3_0.conda#a110716cdb11cf51482ff4000dc253d7
https://conda.anaconda.org/conda-forge/osx-arm64/pillow-12.0.0-py311hb52a7e5_2.conda#b2febbc4b15932546175af55001110f4
https://conda.anaconda.org/conda-forge/noarch/platformdirs-4.5.0-pyhcf101f3_0.conda#5c7a868f8241e64e1cf5fdf4962f23e2
https://conda.anaconda.org/conda-forge/noarch/prometheus_client-0.23.1-pyhd8ed1ab_0.conda#a1e91db2d17fd258c64921cb38e6745a
https://conda.anaconda.org/conda-forge/osx-arm64/psutil-7.1.3-py311h5bb9006_0.conda#cf10a93bacbb33e52075e536051efe97
https://conda.anaconda.org/conda-forge/noarch/ptyprocess-0.7.0-pyhd8ed1ab_1.conda#7d9daffbb8d8e0af0f769dbbcd173a54
https://conda.anaconda.org/conda-forge/noarch/pure_eval-0.2.3-pyhd8ed1ab_1.conda#3bfdfb8dbcdc4af1ae3f9a8eb3948f04
https://conda.anaconda.org/conda-forge/noarch/pycparser-2.22-pyh29332c3_1.conda#12c566707c80111f9799308d9e265aef
https://conda.anaconda.org/conda-forge/noarch/pygments-2.19.2-pyhd8ed1ab_0.conda#6b6ece66ebcae2d5f326c77ef2c5a066
https://conda.anaconda.org/conda-forge/noarch/pyparsing-3.2.5-pyhcf101f3_0.conda#6c8979be6d7a17692793114fa26916e8
https://conda.anaconda.org/conda-forge/noarch/pysocks-1.7.1-pyha55dd90_7.conda#461219d1a5bd61342293efa2c0c90eac
https://conda.anaconda.org/conda-forge/noarch/python-fastjsonschema-2.21.2-pyhe01879c_0.conda#23029aae904a2ba587daba708208012f
https://conda.anaconda.org/conda-forge/noarch/python-json-logger-2.0.7-pyhd8ed1ab_0.conda#a61bf9ec79426938ff785eb69dbb1960
https://conda.anaconda.org/conda-forge/noarch/python-tzdata-2025.2-pyhd8ed1ab_0.conda#88476ae6ebd24f39261e0854ac244f33
https://conda.anaconda.org/conda-forge/noarch/pytz-2025.2-pyhd8ed1ab_0.conda#bc8e3267d44011051f2eb14d22fb0960
https://conda.anaconda.org/conda-forge/osx-arm64/pyyaml-6.0.3-py311ha9b3269_0.conda#109a9c326951cc9ab5df6a06cf5b930a
https://conda.anaconda.org/conda-forge/osx-arm64/pyzmq-27.1.0-py311h13abfa4_0.conda#0d16883d4ab2d3fcb38460d018d6762f
https://conda.anaconda.org/conda-forge/osx-arm64/regex-2025.11.3-py311h9408147_1.conda#5d447d36105130c68e35a4ee3a4ff350
https://conda.anaconda.org/conda-forge/noarch/rfc3986-validator-0.1.1-pyh9f0ad1d_0.tar.bz2#912a71cc01012ee38e6b90ddd561e36f
https://conda.anaconda.org/conda-forge/osx-arm64/rpds-py-0.30.0-py311h71babbd_0.conda#4408829b022e8e0d19365c0c00be00c4
https://conda.anaconda.org/conda-forge/noarch/setuptools-80.9.0-pyhff2d567_0.conda#4de79c071274a53dcaf2a8c749d1499e
https://conda.anaconda.org/conda-forge/noarch/six-1.17.0-pyhe01879c_1.conda#3339e3b65d58accf4ca4fb8748ab16b3
https://conda.anaconda.org/conda-forge/noarch/sniffio-1.3.1-pyhd8ed1ab_2.conda#03fe290994c5e4ec17293cfb6bdce520
https://conda.anaconda.org/conda-forge/noarch/soupsieve-2.8-pyhd8ed1ab_0.conda#18c019ccf43769d211f2cf78e9ad46c2
https://conda.anaconda.org/conda-forge/noarch/threadpoolctl-3.6.0-pyhecae5ae_0.conda#9d64911b31d57ca443e9f1e36b04385f
https://conda.anaconda.org/conda-forge/noarch/tomli-2.3.0-pyhcf101f3_0.conda#d2732eb636c264dc9aa4cbee404b1a53
https://conda.anaconda.org/conda-forge/osx-arm64/tornado-6.5.2-py311h9408147_2.conda#e3af56f478d9919acac254ff82ad150c
https://conda.anaconda.org/conda-forge/noarch/traitlets-5.14.3-pyhd8ed1ab_1.conda#019a7385be9af33791c989871317e1ed
https://conda.anaconda.org/conda-forge/noarch/typing_extensions-4.15.0-pyhcf101f3_0.conda#0caa1af407ecff61170c9437a808404d
https://conda.anaconda.org/conda-forge/noarch/typing_utils-0.1.0-pyhd8ed1ab_1.conda#f6d7aa696c67756a650e91e15e88223c
https://conda.anaconda.org/conda-forge/osx-arm64/unicodedata2-17.0.0-py311h9408147_1.conda#a1d9fe82627b095af51c65e0fff3dbf4
https://conda.anaconda.org/conda-forge/noarch/uri-template-1.3.0-pyhd8ed1ab_1.conda#e7cb0f5745e4c5035a460248334af7eb
https://conda.anaconda.org/conda-forge/noarch/wcwidth-0.2.14-pyhd8ed1ab_0.conda#7e1e5ff31239f9cd5855714df8a3783d
https://conda.anaconda.org/conda-forge/noarch/webcolors-25.10.0-pyhd8ed1ab_0.conda#6639b6b0d8b5a284f027a2003669aa65
https://conda.anaconda.org/conda-forge/noarch/webencodings-0.5.1-pyhd8ed1ab_3.conda#2841eb5bfc75ce15e9a0054b98dcd64d
https://conda.anaconda.org/conda-forge/noarch/websocket-client-1.9.0-pyhd8ed1ab_0.conda#2f1ed718fcd829c184a6d4f0f2e07409
https://conda.anaconda.org/conda-forge/noarch/wheel-0.45.1-pyhd8ed1ab_1.conda#75cb7132eb58d97896e173ef12ac9986
https://conda.anaconda.org/conda-forge/noarch/zipp-3.23.0-pyhcf101f3_1.conda#30cd29cb87d819caead4d55184c1d115
https://conda.anaconda.org/conda-forge/noarch/async-lru-2.0.5-pyh29332c3_0.conda#d9d0f99095a9bb7e3641bca8c6ad2ac7
https://conda.anaconda.org/conda-forge/noarch/babel-2.17.0-pyhd8ed1ab_0.conda#0a01c169f0ab0f91b26e77a3301fbfe4
https://conda.anaconda.org/conda-forge/noarch/bleach-6.3.0-pyhcf101f3_0.conda#b1a27250d70881943cca0dd6b4ba0956
https://conda.anaconda.org/conda-forge/noarch/cached-property-1.5.2-hd8ed1ab_1.tar.bz2#9b347a7ec10940d3f7941ff6c460b551
https://conda.anaconda.org/conda-forge/osx-arm64/cffi-2.0.0-py311hd10dc20_1.conda#4d7f6780e36f18e7601811dddf3bbec5
https://conda.anaconda.org/conda-forge/noarch/exceptiongroup-1.3.1-pyhd8ed1ab_0.conda#8e662bd460bda79b1ea39194e3c4c9ab
https://conda.anaconda.org/conda-forge/osx-arm64/fonttools-4.61.0-py311ha9b3269_0.conda#35b79f1e3e53eb1abe734678db018c95
https://conda.anaconda.org/conda-forge/noarch/h11-0.16.0-pyhd8ed1ab_0.conda#4b69232755285701bc86a5afe4d9933a
https://conda.anaconda.org/conda-forge/noarch/h2-4.3.0-pyhcf101f3_0.conda#164fc43f0b53b6e3a7bc7dce5e4f1dc9
https://conda.anaconda.org/conda-forge/noarch/importlib-metadata-8.7.0-pyhe01879c_1.conda#63ccfdc3a3ce25b027b8767eb722fca8
https://conda.anaconda.org/conda-forge/noarch/ipython_pygments_lexers-1.1.1-pyhd8ed1ab_0.conda#bd80ba060603cc228d9d81c257093119
https://conda.anaconda.org/conda-forge/noarch/jedi-0.19.2-pyhd8ed1ab_1.conda#a4f4c5dc9b80bc50e0d3dc4e6e8f1bd9
https://conda.anaconda.org/conda-forge/noarch/jinja2-3.1.6-pyhcf101f3_1.conda#04558c96691bed63104678757beb4f8d
https://conda.anaconda.org/conda-forge/noarch/joblib-1.5.2-pyhd8ed1ab_0.conda#4e717929cfa0d49cef92d911e31d0e90
https://conda.anaconda.org/conda-forge/noarch/jupyter_core-5.9.1-pyhc90fa1f_0.conda#b38fe4e78ee75def7e599843ef4c1ab0
https://conda.anaconda.org/conda-forge/noarch/jupyterlab_pygments-0.3.0-pyhd8ed1ab_2.conda#fd312693df06da3578383232528c468d
https://conda.anaconda.org/conda-forge/osx-arm64/libopenblas-0.3.30-openmp_ha158390_3.conda#a18a7f471c517062ee71b843ef95eb8a
https://conda.anaconda.org/conda-forge/noarch/matplotlib-inline-0.2.1-pyhd8ed1ab_0.conda#00e120ce3e40bad7bfc78861ce3c4a25
https://conda.anaconda.org/conda-forge/noarch/mistune-3.1.4-pyhcf101f3_0.conda#f5a4d548d1d3bdd517260409fc21e205
https://conda.anaconda.org/conda-forge/noarch/overrides-7.7.0-pyhd8ed1ab_1.conda#e51f1e4089cad105b6cac64bd8166587
https://conda.anaconda.org/conda-forge/noarch/pexpect-4.9.0-pyhd8ed1ab_1.conda#d0d408b1f18883a944376da5cf8101ea
https://conda.anaconda.org/conda-forge/noarch/pip-25.3-pyh8b19718_0.conda#c55515ca43c6444d2572e0f0d93cb6b9
https://conda.anaconda.org/conda-forge/noarch/prompt-toolkit-3.0.52-pyha770c72_0.conda#edb16f14d920fb3faf17f5ce582942d6
https://conda.anaconda.org/conda-forge/osx-arm64/pyobjc-core-12.1-py311hce6e4fa_0.conda#812e22c5c7859e719ec225ece0c6f2c1
https://conda.anaconda.org/conda-forge/noarch/python-dateutil-2.9.0.post0-pyhe01879c_2.conda#5b8d21249ff20967101ffa321cab24e8
https://conda.anaconda.org/conda-forge/noarch/referencing-0.37.0-pyhcf101f3_0.conda#870293df500ca7e18bedefa5838a22ab
https://conda.anaconda.org/conda-forge/noarch/rfc3339-validator-0.1.4-pyhd8ed1ab_1.conda#36de09a8d3e5d5e6f4ee63af49e59706
https://conda.anaconda.org/conda-forge/noarch/rfc3987-syntax-1.1.0-pyhe01879c_1.conda#7234f99325263a5af6d4cd195035e8f2
https://conda.anaconda.org/conda-forge/noarch/stack_data-0.6.3-pyhd8ed1ab_1.conda#b1b505328da7a6b246787df4b5a49fbc
https://conda.anaconda.org/conda-forge/noarch/terminado-0.18.1-pyh31c8845_0.conda#00b54981b923f5aefcd5e8547de056d5
https://conda.anaconda.org/conda-forge/noarch/tinycss2-1.5.1-pyhcf101f3_0.conda#c0d0b883e97906f7524e2aac94be0e0d
https://conda.anaconda.org/conda-forge/noarch/tqdm-4.67.1-pyhd8ed1ab_1.conda#9efbfdc37242619130ea42b1cc4ed861
https://conda.anaconda.org/conda-forge/noarch/typing-extensions-4.15.0-h396c80c_0.conda#edd329d7d3a4ab45dcf905899a7a6115
https://conda.anaconda.org/conda-forge/noarch/typing-inspection-0.4.2-pyhd8ed1ab_1.conda#a0a4a3035667fc34f29bfbd5c190baa6
https://conda.anaconda.org/conda-forge/noarch/typing_inspect-0.9.0-pyhd8ed1ab_1.conda#fa31df4d4193aabccaf09ce78a187faf
https://conda.anaconda.org/conda-forge/noarch/annotated-types-0.7.0-pyhd8ed1ab_1.conda#2934f256a8acfe48f6ebb4fce6cde29c
https://conda.anaconda.org/conda-forge/noarch/anyio-4.12.0-pyhcf101f3_0.conda#9958d4a1ee7e9c768fe8f4fb51bd07ea
https://conda.anaconda.org/conda-forge/osx-arm64/argon2-cffi-bindings-25.1.0-py311h9408147_2.conda#501c2a606787bcd55b9ddee776208333
https://conda.anaconda.org/conda-forge/noarch/arrow-1.4.0-pyhcf101f3_0.conda#85c4f19f377424eafc4ed7911b291642
https://conda.anaconda.org/conda-forge/noarch/beautifulsoup4-4.14.3-pyha770c72_0.conda#5267bef8efea4127aacd1f4e1f149b6e
https://conda.anaconda.org/conda-forge/noarch/bleach-with-css-6.3.0-h5f6438b_0.conda#08a03378bc5293c6f97637323802f480
https://conda.anaconda.org/conda-forge/noarch/fqdn-1.5.1-pyhd8ed1ab_1.conda#d3549fd50d450b6d9e7dddff25dd2110
https://conda.anaconda.org/conda-forge/noarch/ipython-9.7.0-pyh53cf698_0.conda#2d6b86a2e11b8cb2f20a432158ef10b9
https://conda.anaconda.org/conda-forge/noarch/jsonschema-specifications-2025.9.1-pyhcf101f3_0.conda#439cd0f567d697b20a8f45cb70a1005a
https://conda.anaconda.org/conda-forge/noarch/jupyter_client-8.6.3-pyhd8ed1ab_1.conda#4ebae00eae9705b0c3d6d1018a81d047
https://conda.anaconda.org/conda-forge/noarch/jupyter_server_terminals-0.5.3-pyhd8ed1ab_1.conda#2d983ff1b82a1ccb6f2e9d8784bdd6bd
https://conda.anaconda.org/conda-forge/osx-arm64/libblas-3.11.0-2_h51639a9_openblas.conda#811e17323f5afeeb5eb6cc83d90c4292
https://conda.anaconda.org/conda-forge/noarch/nltk-3.9.2-pyhcf101f3_1.conda#0dc14490fe2a7788902dfb9378911837
https://conda.anaconda.org/conda-forge/osx-arm64/pydantic-core-2.41.5-py311h71babbd_1.conda#1cde74932ed3f0472c89406f1b8df631
https://conda.anaconda.org/conda-forge/osx-arm64/pyobjc-framework-cocoa-12.1-py311h9049b8e_0.conda#b215a767b5ef6f16347cacebc409e66b
https://conda.anaconda.org/conda-forge/noarch/typeguard-4.4.4-pyhd8ed1ab_0.conda#8b2613dbfd4e2bc9080b2779b53fc210
https://conda.anaconda.org/conda-forge/osx-arm64/zstandard-0.25.0-py311h5bb9006_1.conda#651594b8f9b9cccc5948287a18903c34
https://conda.anaconda.org/conda-forge/noarch/argon2-cffi-25.1.0-pyhd8ed1ab_0.conda#8ac12aff0860280ee0cff7fa2cf63f3b
https://conda.anaconda.org/conda-forge/noarch/httpcore-1.0.9-pyh29332c3_0.conda#4f14640d58e2cc0aa0819d9d8ba125bb
https://conda.anaconda.org/conda-forge/noarch/ipykernel-7.1.0-pyh5552912_0.conda#1849eec35b60082d2bd66b4e36dec2b6
https://conda.anaconda.org/conda-forge/noarch/isoduration-20.11.0-pyhd8ed1ab_1.conda#0b0154421989637d424ccf0f104be51a
https://conda.anaconda.org/conda-forge/noarch/jsonschema-4.25.1-pyhe01879c_0.conda#341fd940c242cf33e832c0402face56f
https://conda.anaconda.org/conda-forge/osx-arm64/libcblas-3.11.0-2_hb0561ab_openblas.conda#f0d6abadf8be9bf4271123eb37ac4f4e
https://conda.anaconda.org/conda-forge/osx-arm64/liblapack-3.11.0-2_hd9741b5_openblas.conda#f63fdb2504b1fc4527314641fa34efb4
https://conda.anaconda.org/conda-forge/noarch/pydantic-2.12.5-pyhcf101f3_1.conda#c3946ed24acdb28db1b5d63321dbca7d
https://conda.anaconda.org/conda-forge/noarch/send2trash-1.8.3-pyh31c8845_1.conda#e67b1b1fa7a79ff9e8e326d0caf55854
https://conda.anaconda.org/conda-forge/noarch/urllib3-2.5.0-pyhd8ed1ab_0.conda#436c165519e140cb08d246a4472a9d6a
https://conda.anaconda.org/conda-forge/noarch/altair-6.0.0-pyhd8ed1ab_1.conda#36a31df7e76e845fb87f8d0a2c8c5ebf
https://conda.anaconda.org/conda-forge/noarch/httpx-0.28.1-pyhd8ed1ab_0.conda#d6989ead454181f4f9bc987d3dc4e285
https://conda.anaconda.org/conda-forge/noarch/jsonschema-with-format-nongpl-4.25.1-he01879c_0.conda#13e31c573c884962318a738405ca3487
https://conda.anaconda.org/conda-forge/noarch/nbformat-5.10.4-pyhd8ed1ab_1.conda#bbe1963f1e47f594070ffe87cdf612ea
https://conda.anaconda.org/conda-forge/osx-arm64/numpy-1.26.4-py311h7125741_0.conda#3160b93669a0def35a7a8158ebb33816
https://conda.anaconda.org/conda-forge/noarch/pandera-base-0.26.1-pyhd8ed1ab_0.conda#0828883b7195bdb41c146bc5ff14c1b2
https://conda.anaconda.org/conda-forge/noarch/requests-2.32.3-pyhd8ed1ab_1.conda#a9b9368f3701a417eac9edbcae7cb737
https://conda.anaconda.org/conda-forge/osx-arm64/contourpy-1.3.3-py311h5a5e7c7_3.conda#ee7f010da41a954ef6910fd31798305c
https://conda.anaconda.org/conda-forge/noarch/jupyter_events-0.12.0-pyh29332c3_0.conda#f56000b36f09ab7533877e695e4e8cb0
https://conda.anaconda.org/conda-forge/noarch/nbclient-0.10.2-pyhd8ed1ab_0.conda#6bb0d77277061742744176ab555b723c
https://conda.anaconda.org/conda-forge/osx-arm64/pandas-2.3.3-py311hdb8e4fa_2.conda#da2e5c7c0a3061398c8a1e225f2e339e
https://conda.anaconda.org/conda-forge/noarch/patsy-1.0.2-pyhcf101f3_0.conda#8678577a52161cc4e1c93fcc18e8a646
https://conda.anaconda.org/conda-forge/osx-arm64/scipy-1.16.3-py311h2734c94_1.conda#2a4f3126a39eea2c468b3b80fae5e813
https://conda.anaconda.org/conda-forge/noarch/vadersentiment-3.3.2-pyhd8ed1ab_1.conda#ac2838db7ee2c357dffef05312899a77
https://conda.anaconda.org/conda-forge/osx-arm64/matplotlib-base-3.9.2-py311hbe3227e_2.conda#2c4e7ee255a37a3dc2ab9ee684b407f4
https://conda.anaconda.org/conda-forge/noarch/nbconvert-core-7.16.6-pyhcf101f3_1.conda#cfc86ccc3b1de35d36ccaae4c50391f5
https://conda.anaconda.org/conda-forge/noarch/pandera-0.26.1-hd8ed1ab_0.conda#ec76428eacdff80cb9093789fe5452a2
https://conda.anaconda.org/conda-forge/osx-arm64/scikit-learn-1.7.2-py311h0f965f6_0.conda#5d571c9769910a3377d13230be348f47
https://conda.anaconda.org/conda-forge/osx-arm64/statsmodels-0.14.5-py311h09efe57_1.conda#ea40f745efe02170bb843c54bfca1783
https://conda.anaconda.org/conda-forge/noarch/jupyter_server-2.17.0-pyhcf101f3_0.conda#d79a87dcfa726bcea8e61275feed6f83
https://conda.anaconda.org/conda-forge/osx-arm64/matplotlib-3.9.2-py311ha1ab1f8_2.conda#79700d72e2a219fca397f238e10b3a90
https://conda.anaconda.org/conda-forge/noarch/seaborn-base-0.13.2-pyhd8ed1ab_3.conda#fd96da444e81f9e6fcaac38590f3dd42
https://conda.anaconda.org/conda-forge/osx-arm64/wordcloud-1.9.4-py311h9408147_2.conda#94a371da7b17f38e9ba78a73e643ca3c
https://conda.anaconda.org/conda-forge/noarch/jupyter-lsp-2.3.0-pyhcf101f3_0.conda#62b7c96c6cd77f8173cc5cada6a9acaa
https://conda.anaconda.org/conda-forge/noarch/jupyterlab_server-2.28.0-pyhcf101f3_0.conda#a63877cb23de826b1620d3adfccc4014
https://conda.anaconda.org/conda-forge/noarch/notebook-shim-0.2.4-pyhd8ed1ab_1.conda#e7f89ea5f7ea9401642758ff50a2d9c1
https://conda.anaconda.org/conda-forge/noarch/seaborn-0.13.2-hd8ed1ab_3.conda#62afb877ca2c2b4b6f9ecb37320085b6
https://conda.anaconda.org/conda-forge/noarch/jupyterlab-4.5.0-pyhd8ed1ab_0.conda#e6dc3d6bf1591f0ebe8e77959e950660
# pip ipython-genutils @ https://files.pythonhosted.org/packages/fa/bc/9bd3b5c2b4774d5f33b2d544f1460be9df7df2fe42f352135381c347c69a/ipython_genutils-0.2.0-py2.py3-none-any.whl#sha256=72dd37233799e619666c9f639a9da83c34013a73e8bbc79a7a6348d93c61fab8
# pip jsonpickle @ https://files.pythonhosted.org/packages/c1/73/04df8a6fa66d43a9fd45c30f283cc4afff17da671886e451d52af60bdc7e/jsonpickle-4.1.1-py3-none-any.whl#sha256=bb141da6057898aa2438ff268362b126826c812a1721e31cf08a6e142910dc91
# pip jupyterlab-widgets @ https://files.pythonhosted.org/packages/1f/73/4f281e0f86bf532baec742da40ededf8b22dc224523e38c638fb6ad91255/jupyterlab_widgets-1.1.11-py3-none-any.whl#sha256=840e538021d87e020a8e7b786597f088431f4ebd8308655555e126c3950a1b27
# pip notebook @ https://files.pythonhosted.org/packages/73/96/00df2a4760f10f5af0f45c4955573cae6189931f9a30265a35865f8c1031/notebook-7.5.0-py3-none-any.whl#sha256=3300262d52905ca271bd50b22617681d95f08a8360d099e097726e6d2efb5811
# pip pandas @ https://files.pythonhosted.org/packages/3e/89/cbca600319463a91ae6a46e537d548900ddf2114df66c902344c4fe6bb4c/pandas-2.1.4-cp311-cp311-macosx_11_0_arm64.whl#sha256=bd7d5f2f54f78164b3d7a40f33bf79a74cdee72c31affec86bfcabe7e0789821
# pip plotly @ https://files.pythonhosted.org/packages/e7/c3/3031c931098de393393e1f93a38dc9ed6805d86bb801acc3cf2d5bd1e6b7/plotly-6.5.0-py3-none-any.whl#sha256=5ac851e100367735250206788a2b1325412aa4a4917a4fe3e6f0bc5aa6f3d90a
# pip python-utils @ https://files.pythonhosted.org/packages/d4/69/31c82567719b34d8f6b41077732589104883771d182a9f4ff3e71430999a/python_utils-3.9.1-py2.py3-none-any.whl#sha256=0273d7363c7ad4b70999b2791d5ba6b55333d6f7a4e4c8b6b39fb82b5fab4613
# pip scipy @ https://files.pythonhosted.org/packages/0d/3e/d05b9de83677195886fb79844fcca19609a538db63b1790fa373155bc3cf/scipy-1.10.1-cp311-cp311-macosx_12_0_arm64.whl#sha256=d925fa1c81b772882aa55bcc10bf88324dadb66ff85d548c71515f6689c6dac5
# pip tinycss2 @ https://files.pythonhosted.org/packages/e6/34/ebdc18bae6aa14fbee1a08b63c015c72b64868ff7dae68808ab500c492e2/tinycss2-1.4.0-py3-none-any.whl#sha256=3a49cf47b7675da0b15d0c6e1df8df4ebd96e9394bb905a5775adb0d884c5289
# pip pynomaly @ https://files.pythonhosted.org/packages/03/00/0af76dc221eb34f0d98af54024955ddc16080057a69d4c19329811aabc03/PyNomaly-0.3.4-py3-none-any.whl#sha256=e653f1e1c9a70c92170829f7440841e3b004528e1a1bfaea5e830e53fca26822
# pip scikit-learn @ https://files.pythonhosted.org/packages/40/c6/2e91eefb757822e70d351e02cc38d07c137212ae7c41ac12746415b4860a/scikit_learn-1.3.2-cp311-cp311-macosx_12_0_arm64.whl#sha256=18424efee518a1cde7b0b53a422cde2f6625197de6af36da0b57ec502f126157
# pip widgetsnbextension @ https://files.pythonhosted.org/packages/93/1b/25d570ee8dce0f2ddadb967d6242cf6e10516db7897c7d9a6e3853b56bfc/widgetsnbextension-3.6.10-py2.py3-none-any.whl#sha256=91a283c2bb50b43ae415dfe69fb026ece0c14e0102987fb53127c7a71e82417d
# pip category-encoders @ https://files.pythonhosted.org/packages/cb/db/994342594822cd7ed9bc9bb67d259f2585e9034d07df9bae12133319914a/category_encoders-2.7.0-py3-none-any.whl#sha256=62c50d06c296cda69335ac3997456368a4d6eeabea0c15100db52235227c0758
# pip ipywidgets @ https://files.pythonhosted.org/packages/25/22/f48bd3af0ef7c72dce13f9930a4483acbc7c77373834700296495ea0875f/ipywidgets-7.8.5-py2.py3-none-any.whl#sha256=8055fe314edd4c101a5f1ea230620ef5e315b0ca87f940264b4eac1faf9746ef
# pip deepchecks @ https://files.pythonhosted.org/packages/53/fa/ca53da26738399100096323d05c71e7f0bab30a4e98f113b900562e8982a/deepchecks-0.18.1-py3-none-any.whl#sha256=747bb47181fcc131d67d39607d9a23c38f51019db7bb8365d5d89cb425b2dd0c
